
Microsoft Visual Studio Solution File, Format Version 12.00
# Visual Studio Version 16
VisualStudioVersion = 16.0.30907.101
MinimumVisualStudioVersion = 10.0.40219.1
Project("{9A19103F-16F7-4668-BE54-9A1E7A4F7556}") = "MainApp", "MainApp\MainApp.csproj", "{1385B22E-2077-4D81-AEBE-73F368DDDB35}"
	ProjectSection(ProjectDependencies) = postProject
		{6B850D0C-A585-40E2-BA85-56CC8604684A} = {6B850D0C-A585-40E2-BA85-56CC8604684A}
		{3D416E2E-ED0F-40F3-B7D5-2BC095AB8F09} = {3D416E2E-ED0F-40F3-B7D5-2BC095AB8F09}
		{AADE0534-D0E5-420E-BC3F-16F5E387F919} = {AADE0534-D0E5-420E-BC3F-16F5E387F919}
	EndProjectSection
EndProject
Project("{9A19103F-16F7-4668-BE54-9A1E7A4F7556}") = "Core", "Core\Core.csproj", "{AADE0534-D0E5-420E-BC3F-16F5E387F919}"
EndProject
Project("{9A19103F-16F7-4668-BE54-9A1E7A4F7556}") = "Data", "Data\Data.csproj", "{3D416E2E-ED0F-40F3-B7D5-2BC095AB8F09}"
	ProjectSection(ProjectDependencies) = postProject
		{AADE0534-D0E5-420E-BC3F-16F5E387F919} = {AADE0534-D0E5-420E-BC3F-16F5E387F919}
	EndProjectSection
EndProject
Project("{9A19103F-16F7-4668-BE54-9A1E7A4F7556}") = "BL", "BL\BL.csproj", "{6B850D0C-A585-40E2-BA85-56CC8604684A}"
	ProjectSection(ProjectDependencies) = postProject
		{3D416E2E-ED0F-40F3-B7D5-2BC095AB8F09} = {3D416E2E-ED0F-40F3-B7D5-2BC095AB8F09}
	EndProjectSection
EndProject
Project("{9A19103F-16F7-4668-BE54-9A1E7A4F7556}") = "Quartz", "Quartz\Quartz.csproj", "{961A57CC-CD3F-4C93-B04E-9C96BEF89037}"
	ProjectSection(ProjectDependencies) = postProject
		{6B850D0C-A585-40E2-BA85-56CC8604684A} = {6B850D0C-A585-40E2-BA85-56CC8604684A}
		{3D416E2E-ED0F-40F3-B7D5-2BC095AB8F09} = {3D416E2E-ED0F-40F3-B7D5-2BC095AB8F09}
		{1385B22E-2077-4D81-AEBE-73F368DDDB35} = {1385B22E-2077-4D81-AEBE-73F368DDDB35}
		{AADE0534-D0E5-420E-BC3F-16F5E387F919} = {AADE0534-D0E5-420E-BC3F-16F5E387F919}
		{2F09933F-9F0F-475E-98B8-86AA31335121} = {2F09933F-9F0F-475E-98B8-86AA31335121}
	EndProjectSection
EndProject
Project("{9A19103F-16F7-4668-BE54-9A1E7A4F7556}") = "UnitTests", "UnitTests\UnitTests.csproj", "{2F09933F-9F0F-475E-98B8-86AA31335121}"
EndProject
Project("{9A19103F-16F7-4668-BE54-9A1E7A4F7556}") = "WebApi", "WebApi\WebApi.csproj", "{76D2109F-6A4A-4710-A402-916A9F2D28DE}"
	ProjectSection(ProjectDependencies) = postProject
		{6B850D0C-A585-40E2-BA85-56CC8604684A} = {6B850D0C-A585-40E2-BA85-56CC8604684A}
		{3D416E2E-ED0F-40F3-B7D5-2BC095AB8F09} = {3D416E2E-ED0F-40F3-B7D5-2BC095AB8F09}
		{AADE0534-D0E5-420E-BC3F-16F5E387F919} = {AADE0534-D0E5-420E-BC3F-16F5E387F919}
	EndProjectSection
EndProject
Project("{9A19103F-16F7-4668-BE54-9A1E7A4F7556}") = "MigrateMySqlPostgres", "MigrateMySqlPostgres\MigrateMySqlPostgres.csproj", "{353636BB-A2CD-4C1F-9BFA-24B58F6AEB6D}"
	ProjectSection(ProjectDependencies) = postProject
		{3D416E2E-ED0F-40F3-B7D5-2BC095AB8F09} = {3D416E2E-ED0F-40F3-B7D5-2BC095AB8F09}
		{1385B22E-2077-4D81-AEBE-73F368DDDB35} = {1385B22E-2077-4D81-AEBE-73F368DDDB35}
		{AADE0534-D0E5-420E-BC3F-16F5E387F919} = {AADE0534-D0E5-420E-BC3F-16F5E387F919}
	EndProjectSection
EndProject
Global
	GlobalSection(SolutionConfigurationPlatforms) = preSolution
		Debug|Any CPU = Debug|Any CPU
		Release|Any CPU = Release|Any CPU
	EndGlobalSection
	GlobalSection(ProjectConfigurationPlatforms) = postSolution
		{1385B22E-2077-4D81-AEBE-73F368DDDB35}.Debug|Any CPU.ActiveCfg = Debug|Any CPU
		{1385B22E-2077-4D81-AEBE-73F368DDDB35}.Debug|Any CPU.Build.0 = Debug|Any CPU
		{1385B22E-2077-4D81-AEBE-73F368DDDB35}.Release|Any CPU.ActiveCfg = Release|Any CPU
		{1385B22E-2077-4D81-AEBE-73F368DDDB35}.Release|Any CPU.Build.0 = Release|Any CPU
		{AADE0534-D0E5-420E-BC3F-16F5E387F919}.Debug|Any CPU.ActiveCfg = Debug|Any CPU
		{AADE0534-D0E5-420E-BC3F-16F5E387F919}.Debug|Any CPU.Build.0 = Debug|Any CPU
		{AADE0534-D0E5-420E-BC3F-16F5E387F919}.Release|Any CPU.ActiveCfg = Release|Any CPU
		{AADE0534-D0E5-420E-BC3F-16F5E387F919}.Release|Any CPU.Build.0 = Release|Any CPU
		{3D416E2E-ED0F-40F3-B7D5-2BC095AB8F09}.Debug|Any CPU.ActiveCfg = Debug|Any CPU
		{3D416E2E-ED0F-40F3-B7D5-2BC095AB8F09}.Debug|Any CPU.Build.0 = Debug|Any CPU
		{3D416E2E-ED0F-40F3-B7D5-2BC095AB8F09}.Release|Any CPU.ActiveCfg = Release|Any CPU
		{3D416E2E-ED0F-40F3-B7D5-2BC095AB8F09}.Release|Any CPU.Build.0 = Release|Any CPU
		{6B850D0C-A585-40E2-BA85-56CC8604684A}.Debug|Any CPU.ActiveCfg = Debug|Any CPU
		{6B850D0C-A585-40E2-BA85-56CC8604684A}.Debug|Any CPU.Build.0 = Debug|Any CPU
		{6B850D0C-A585-40E2-BA85-56CC8604684A}.Release|Any CPU.ActiveCfg = Release|Any CPU
		{6B850D0C-A585-40E2-BA85-56CC8604684A}.Release|Any CPU.Build.0 = Release|Any CPU
		{961A57CC-CD3F-4C93-B04E-9C96BEF89037}.Debug|Any CPU.ActiveCfg = Debug|Any CPU
		{961A57CC-CD3F-4C93-B04E-9C96BEF89037}.Debug|Any CPU.Build.0 = Debug|Any CPU
		{961A57CC-CD3F-4C93-B04E-9C96BEF89037}.Release|Any CPU.ActiveCfg = Release|Any CPU
		{961A57CC-CD3F-4C93-B04E-9C96BEF89037}.Release|Any CPU.Build.0 = Release|Any CPU
		{2F09933F-9F0F-475E-98B8-86AA31335121}.Debug|Any CPU.ActiveCfg = Debug|Any CPU
		{2F09933F-9F0F-475E-98B8-86AA31335121}.Debug|Any CPU.Build.0 = Debug|Any CPU
		{2F09933F-9F0F-475E-98B8-86AA31335121}.Release|Any CPU.ActiveCfg = Release|Any CPU
		{2F09933F-9F0F-475E-98B8-86AA31335121}.Release|Any CPU.Build.0 = Release|Any CPU
		{76D2109F-6A4A-4710-A402-916A9F2D28DE}.Debug|Any CPU.ActiveCfg = Debug|Any CPU
		{76D2109F-6A4A-4710-A402-916A9F2D28DE}.Debug|Any CPU.Build.0 = Debug|Any CPU
		{76D2109F-6A4A-4710-A402-916A9F2D28DE}.Release|Any CPU.ActiveCfg = Release|Any CPU
		{76D2109F-6A4A-4710-A402-916A9F2D28DE}.Release|Any CPU.Build.0 = Release|Any CPU
		{353636BB-A2CD-4C1F-9BFA-24B58F6AEB6D}.Debug|Any CPU.ActiveCfg = Debug|Any CPU
		{353636BB-A2CD-4C1F-9BFA-24B58F6AEB6D}.Debug|Any CPU.Build.0 = Debug|Any CPU
		{353636BB-A2CD-4C1F-9BFA-24B58F6AEB6D}.Release|Any CPU.ActiveCfg = Release|Any CPU
		{353636BB-A2CD-4C1F-9BFA-24B58F6AEB6D}.Release|Any CPU.Build.0 = Release|Any CPU
	EndGlobalSection
	GlobalSection(SolutionProperties) = preSolution
		HideSolutionNode = FALSE
	EndGlobalSection
	GlobalSection(ExtensibilityGlobals) = postSolution
		SolutionGuid = {E8E4A8E2-B427-46C9-9294-C21FBBC002D5}
	EndGlobalSection
EndGlobal
